{
  "name": "vyre",
  "version": "0.0.1",
  "lockfileVersion": 3,
  "requires": true,
  "packages": {
    "": {
      "name": "vyre",
      "version": "0.0.1",
      "license": "Apache-2.0",
      "bin": {
        "git-credential-vyre": "bin/git-credential-vyre",
        "vyre": "bin/vyre"
      },
      "engines": {
        "node": ">=22.5"
      }
    }
  }
}
